
Microsoft Visual Studio Solution File, Format Version 12.00
# Visual Studio Version 17
VisualStudioVersion = 17.1.32414.318
MinimumVisualStudioVersion = 10.0.40219.1
Project("{2150E333-8FDC-42A3-9474-1A3956D46DE8}") = "ApiGateways", "ApiGateways", "{3918B80C-1F15-402F-A4F9-246E2DF954FC}"
EndProject
Project("{2150E333-8FDC-42A3-9474-1A3956D46DE8}") = "BuildingBlocks", "BuildingBlocks", "{CF052302-7DE2-49DC-95F3-D55183758378}"
EndProject
Project("{2150E333-8FDC-42A3-9474-1A3956D46DE8}") = "Services", "Services", "{591A138E-2C48-472D-8549-F3C6B46271C5}"
EndProject
Project("{2150E333-8FDC-42A3-9474-1A3956D46DE8}") = "WebApps", "WebApps", "{9E12F992-BD68-46BC-82D1-2888928FCAD3}"
EndProject
Project("{2150E333-8FDC-42A3-9474-1A3956D46DE8}") = "Basket", "Basket", "{52C97A00-A2B4-4B0A-AABC-E178F540B9B3}"
EndProject
Project("{2150E333-8FDC-42A3-9474-1A3956D46DE8}") = "Catalog", "Catalog", "{AD3E9417-1ECE-4C98-88CE-DBF15AA4CA8C}"
EndProject
Project("{2150E333-8FDC-42A3-9474-1A3956D46DE8}") = "Discount", "Discount", "{5A5FD000-32D6-46DD-9009-B577BC747BF7}"
EndProject
Project("{2150E333-8FDC-42A3-9474-1A3956D46DE8}") = "Ordering", "Ordering", "{53835FBF-D150-4FB1-A3E5-D888F6231ED5}"
EndProject
Project("{9A19103F-16F7-4668-BE54-9A1E7A4F7556}") = "Common.Logging", "BuildingBlocks\Common.Logging\Common.Logging.csproj", "{419C2445-0E9A-4BB8-9E44-FED93725305A}"
EndProject
Project("{9A19103F-16F7-4668-BE54-9A1E7A4F7556}") = "EventBus.Messages", "BuildingBlocks\EventBus.Messages\EventBus.Messages.csproj", "{A9AE1130-E4B0-4AB1-A7B8-E198B618DE9F}"
EndProject
Project("{9A19103F-16F7-4668-BE54-9A1E7A4F7556}") = "Basket.API", "Services\Basket\Basket.API\Basket.API.csproj", "{AA6596EB-CDDF-4B10-BA98-EFCDD2AE4CB9}"
EndProject
Project("{9A19103F-16F7-4668-BE54-9A1E7A4F7556}") = "Basket.Tests", "Services\Basket\Basket.Tests\Basket.Tests.csproj", "{72FCF554-153E-4BB4-80B3-E4CD07C81F84}"
EndProject
Project("{9A19103F-16F7-4668-BE54-9A1E7A4F7556}") = "Catalog.API", "Services\Catalog\Catalog.API\Catalog.API.csproj", "{0585F3DD-1EFC-4B74-BD69-A2F4ACE3504E}"
EndProject
Project("{9A19103F-16F7-4668-BE54-9A1E7A4F7556}") = "Catalog.Tests", "Services\Catalog\Catalog.Tests\Catalog.Tests.csproj", "{F396E7FB-F38B-41A2-8547-F8AA6B1169D3}"
EndProject
Project("{9A19103F-16F7-4668-BE54-9A1E7A4F7556}") = "Shopping.Aggregator", "ApiGateways\Shopping.Aggregator\Shopping.Aggregator.csproj", "{F19B0A78-438F-49B7-B100-29F7DB6B834B}"
EndProject
Project("{9A19103F-16F7-4668-BE54-9A1E7A4F7556}") = "Discount.API", "Services\Discount\Discount.API\Discount.API.csproj", "{3047E080-320B-4577-9BFA-CF8B0F3F3A63}"
EndProject
Project("{9A19103F-16F7-4668-BE54-9A1E7A4F7556}") = "Discount.Grpc", "Services\Discount\Discount.Grpc\Discount.Grpc.csproj", "{AF480303-3B90-4BAE-A29A-C54995798362}"
EndProject
Project("{9A19103F-16F7-4668-BE54-9A1E7A4F7556}") = "Discount.Tests", "Services\Discount\Discount.Tests\Discount.Tests.csproj", "{2CA64FB3-B9DE-4C6A-AB6D-92A2721C4F88}"
EndProject
Project("{9A19103F-16F7-4668-BE54-9A1E7A4F7556}") = "Ordering.API", "Services\Ordering\Ordering.API\Ordering.API.csproj", "{D9F01440-BA11-4F6E-9CE1-7A2989DD207E}"
EndProject
Project("{9A19103F-16F7-4668-BE54-9A1E7A4F7556}") = "Ordering.Application", "Services\Ordering\Ordering.Application\Ordering.Application.csproj", "{4D93A988-512B-4509-8E51-354509EB058A}"
EndProject
Project("{9A19103F-16F7-4668-BE54-9A1E7A4F7556}") = "Ordering.Domain", "Services\Ordering\Ordering.Domain\Ordering.Domain.csproj", "{00FD385C-D45C-4B07-BA8A-516BB43FD250}"
EndProject
Project("{9A19103F-16F7-4668-BE54-9A1E7A4F7556}") = "Ordering.Infrastructure", "Services\Ordering\Ordering.Infrastructure\Ordering.Infrastructure.csproj", "{9855F673-425F-4BB4-8F12-113C8EA9D7E7}"
EndProject
Project("{9A19103F-16F7-4668-BE54-9A1E7A4F7556}") = "Ordering.Tests", "Services\Ordering\Ordering.Tests\Ordering.Tests.csproj", "{C3629145-D81C-452C-8EB2-A00D1B6A386E}"
EndProject
Project("{2150E333-8FDC-42A3-9474-1A3956D46DE8}") = "Solution Items", "Solution Items", "{27B14953-26E0-4867-9606-C49A93FD149C}"
	ProjectSection(SolutionItems) = preProject
		.editorconfig = .editorconfig
	EndProjectSection
EndProject
Project("{9A19103F-16F7-4668-BE54-9A1E7A4F7556}") = "WebStatus", "WebApps\WebStatus\WebStatus.csproj", "{4E194151-1E2E-41F7-B238-13FEF8BDF630}"
EndProject
Project("{9A19103F-16F7-4668-BE54-9A1E7A4F7556}") = "OcelotApiGw", "ApiGateways\OcelotApiGw\OcelotApiGw.csproj", "{71F03ADB-E1A6-4107-80AE-A3EE54AD12EF}"
EndProject
Project("{9A19103F-16F7-4668-BE54-9A1E7A4F7556}") = "Shopping.Web", "WebApps\Shopping.Web\Shopping.Web.csproj", "{9336FDC7-ACFF-4E1F-BA16-FF9E73191DB1}"
EndProject
Project("{9A19103F-16F7-4668-BE54-9A1E7A4F7556}") = "BFF.Mobile.Shopping", "ApiGateways\BFF.Mobile.Shopping\BFF.Mobile.Shopping.csproj", "{5FCBF0EE-F90D-4FFF-A713-437BEC9FDF37}"
EndProject
Project("{9A19103F-16F7-4668-BE54-9A1E7A4F7556}") = "BFF.Web.Shopping", "ApiGateways\BFF.Web.Shopping\BFF.Web.Shopping.csproj", "{03073504-7A71-43D9-BC3F-7722F0EB20FE}"
EndProject
Global
	GlobalSection(SolutionConfigurationPlatforms) = preSolution
		Debug|Any CPU = Debug|Any CPU
		Release|Any CPU = Release|Any CPU
	EndGlobalSection
	GlobalSection(ProjectConfigurationPlatforms) = postSolution
		{419C2445-0E9A-4BB8-9E44-FED93725305A}.Debug|Any CPU.ActiveCfg = Debug|Any CPU
		{419C2445-0E9A-4BB8-9E44-FED93725305A}.Debug|Any CPU.Build.0 = Debug|Any CPU
		{419C2445-0E9A-4BB8-9E44-FED93725305A}.Release|Any CPU.ActiveCfg = Release|Any CPU
		{419C2445-0E9A-4BB8-9E44-FED93725305A}.Release|Any CPU.Build.0 = Release|Any CPU
		{A9AE1130-E4B0-4AB1-A7B8-E198B618DE9F}.Debug|Any CPU.ActiveCfg = Debug|Any CPU
		{A9AE1130-E4B0-4AB1-A7B8-E198B618DE9F}.Debug|Any CPU.Build.0 = Debug|Any CPU
		{A9AE1130-E4B0-4AB1-A7B8-E198B618DE9F}.Release|Any CPU.ActiveCfg = Release|Any CPU
		{A9AE1130-E4B0-4AB1-A7B8-E198B618DE9F}.Release|Any CPU.Build.0 = Release|Any CPU
		{AA6596EB-CDDF-4B10-BA98-EFCDD2AE4CB9}.Debug|Any CPU.ActiveCfg = Debug|Any CPU
		{AA6596EB-CDDF-4B10-BA98-EFCDD2AE4CB9}.Debug|Any CPU.Build.0 = Debug|Any CPU
		{AA6596EB-CDDF-4B10-BA98-EFCDD2AE4CB9}.Release|Any CPU.ActiveCfg = Release|Any CPU
		{AA6596EB-CDDF-4B10-BA98-EFCDD2AE4CB9}.Release|Any CPU.Build.0 = Release|Any CPU
		{72FCF554-153E-4BB4-80B3-E4CD07C81F84}.Debug|Any CPU.ActiveCfg = Debug|Any CPU
		{72FCF554-153E-4BB4-80B3-E4CD07C81F84}.Debug|Any CPU.Build.0 = Debug|Any CPU
		{72FCF554-153E-4BB4-80B3-E4CD07C81F84}.Release|Any CPU.ActiveCfg = Release|Any CPU
		{72FCF554-153E-4BB4-80B3-E4CD07C81F84}.Release|Any CPU.Build.0 = Release|Any CPU
		{0585F3DD-1EFC-4B74-BD69-A2F4ACE3504E}.Debug|Any CPU.ActiveCfg = Debug|Any CPU
		{0585F3DD-1EFC-4B74-BD69-A2F4ACE3504E}.Debug|Any CPU.Build.0 = Debug|Any CPU
		{0585F3DD-1EFC-4B74-BD69-A2F4ACE3504E}.Release|Any CPU.ActiveCfg = Release|Any CPU
		{0585F3DD-1EFC-4B74-BD69-A2F4ACE3504E}.Release|Any CPU.Build.0 = Release|Any CPU
		{F396E7FB-F38B-41A2-8547-F8AA6B1169D3}.Debug|Any CPU.ActiveCfg = Debug|Any CPU
		{F396E7FB-F38B-41A2-8547-F8AA6B1169D3}.Debug|Any CPU.Build.0 = Debug|Any CPU
		{F396E7FB-F38B-41A2-8547-F8AA6B1169D3}.Release|Any CPU.ActiveCfg = Release|Any CPU
		{F396E7FB-F38B-41A2-8547-F8AA6B1169D3}.Release|Any CPU.Build.0 = Release|Any CPU
		{F19B0A78-438F-49B7-B100-29F7DB6B834B}.Debug|Any CPU.ActiveCfg = Debug|Any CPU
		{F19B0A78-438F-49B7-B100-29F7DB6B834B}.Debug|Any CPU.Build.0 = Debug|Any CPU
		{F19B0A78-438F-49B7-B100-29F7DB6B834B}.Release|Any CPU.ActiveCfg = Release|Any CPU
		{F19B0A78-438F-49B7-B100-29F7DB6B834B}.Release|Any CPU.Build.0 = Release|Any CPU
		{3047E080-320B-4577-9BFA-CF8B0F3F3A63}.Debug|Any CPU.ActiveCfg = Debug|Any CPU
		{3047E080-320B-4577-9BFA-CF8B0F3F3A63}.Debug|Any CPU.Build.0 = Debug|Any CPU
		{3047E080-320B-4577-9BFA-CF8B0F3F3A63}.Release|Any CPU.ActiveCfg = Release|Any CPU
		{3047E080-320B-4577-9BFA-CF8B0F3F3A63}.Release|Any CPU.Build.0 = Release|Any CPU
		{AF480303-3B90-4BAE-A29A-C54995798362}.Debug|Any CPU.ActiveCfg = Debug|Any CPU
		{AF480303-3B90-4BAE-A29A-C54995798362}.Debug|Any CPU.Build.0 = Debug|Any CPU
		{AF480303-3B90-4BAE-A29A-C54995798362}.Release|Any CPU.ActiveCfg = Release|Any CPU
		{AF480303-3B90-4BAE-A29A-C54995798362}.Release|Any CPU.Build.0 = Release|Any CPU
		{2CA64FB3-B9DE-4C6A-AB6D-92A2721C4F88}.Debug|Any CPU.ActiveCfg = Debug|Any CPU
		{2CA64FB3-B9DE-4C6A-AB6D-92A2721C4F88}.Debug|Any CPU.Build.0 = Debug|Any CPU
		{2CA64FB3-B9DE-4C6A-AB6D-92A2721C4F88}.Release|Any CPU.ActiveCfg = Release|Any CPU
		{2CA64FB3-B9DE-4C6A-AB6D-92A2721C4F88}.Release|Any CPU.Build.0 = Release|Any CPU
		{D9F01440-BA11-4F6E-9CE1-7A2989DD207E}.Debug|Any CPU.ActiveCfg = Debug|Any CPU
		{D9F01440-BA11-4F6E-9CE1-7A2989DD207E}.Debug|Any CPU.Build.0 = Debug|Any CPU
		{D9F01440-BA11-4F6E-9CE1-7A2989DD207E}.Release|Any CPU.ActiveCfg = Release|Any CPU
		{D9F01440-BA11-4F6E-9CE1-7A2989DD207E}.Release|Any CPU.Build.0 = Release|Any CPU
		{4D93A988-512B-4509-8E51-354509EB058A}.Debug|Any CPU.ActiveCfg = Debug|Any CPU
		{4D93A988-512B-4509-8E51-354509EB058A}.Debug|Any CPU.Build.0 = Debug|Any CPU
		{4D93A988-512B-4509-8E51-354509EB058A}.Release|Any CPU.ActiveCfg = Release|Any CPU
		{4D93A988-512B-4509-8E51-354509EB058A}.Release|Any CPU.Build.0 = Release|Any CPU
		{00FD385C-D45C-4B07-BA8A-516BB43FD250}.Debug|Any CPU.ActiveCfg = Debug|Any CPU
		{00FD385C-D45C-4B07-BA8A-516BB43FD250}.Debug|Any CPU.Build.0 = Debug|Any CPU
		{00FD385C-D45C-4B07-BA8A-516BB43FD250}.Release|Any CPU.ActiveCfg = Release|Any CPU
		{00FD385C-D45C-4B07-BA8A-516BB43FD250}.Release|Any CPU.Build.0 = Release|Any CPU
		{9855F673-425F-4BB4-8F12-113C8EA9D7E7}.Debug|Any CPU.ActiveCfg = Debug|Any CPU
		{9855F673-425F-4BB4-8F12-113C8EA9D7E7}.Debug|Any CPU.Build.0 = Debug|Any CPU
		{9855F673-425F-4BB4-8F12-113C8EA9D7E7}.Release|Any CPU.ActiveCfg = Release|Any CPU
		{9855F673-425F-4BB4-8F12-113C8EA9D7E7}.Release|Any CPU.Build.0 = Release|Any CPU
		{C3629145-D81C-452C-8EB2-A00D1B6A386E}.Debug|Any CPU.ActiveCfg = Debug|Any CPU
		{C3629145-D81C-452C-8EB2-A00D1B6A386E}.Debug|Any CPU.Build.0 = Debug|Any CPU
		{C3629145-D81C-452C-8EB2-A00D1B6A386E}.Release|Any CPU.ActiveCfg = Release|Any CPU
		{C3629145-D81C-452C-8EB2-A00D1B6A386E}.Release|Any CPU.Build.0 = Release|Any CPU
		{4E194151-1E2E-41F7-B238-13FEF8BDF630}.Debug|Any CPU.ActiveCfg = Debug|Any CPU
		{4E194151-1E2E-41F7-B238-13FEF8BDF630}.Debug|Any CPU.Build.0 = Debug|Any CPU
		{4E194151-1E2E-41F7-B238-13FEF8BDF630}.Release|Any CPU.ActiveCfg = Release|Any CPU
		{4E194151-1E2E-41F7-B238-13FEF8BDF630}.Release|Any CPU.Build.0 = Release|Any CPU
		{71F03ADB-E1A6-4107-80AE-A3EE54AD12EF}.Debug|Any CPU.ActiveCfg = Debug|Any CPU
		{71F03ADB-E1A6-4107-80AE-A3EE54AD12EF}.Debug|Any CPU.Build.0 = Debug|Any CPU
		{71F03ADB-E1A6-4107-80AE-A3EE54AD12EF}.Release|Any CPU.ActiveCfg = Release|Any CPU
		{71F03ADB-E1A6-4107-80AE-A3EE54AD12EF}.Release|Any CPU.Build.0 = Release|Any CPU
		{9336FDC7-ACFF-4E1F-BA16-FF9E73191DB1}.Debug|Any CPU.ActiveCfg = Debug|Any CPU
		{9336FDC7-ACFF-4E1F-BA16-FF9E73191DB1}.Debug|Any CPU.Build.0 = Debug|Any CPU
		{9336FDC7-ACFF-4E1F-BA16-FF9E73191DB1}.Release|Any CPU.ActiveCfg = Release|Any CPU
		{9336FDC7-ACFF-4E1F-BA16-FF9E73191DB1}.Release|Any CPU.Build.0 = Release|Any CPU
		{5FCBF0EE-F90D-4FFF-A713-437BEC9FDF37}.Debug|Any CPU.ActiveCfg = Debug|Any CPU
		{5FCBF0EE-F90D-4FFF-A713-437BEC9FDF37}.Debug|Any CPU.Build.0 = Debug|Any CPU
		{5FCBF0EE-F90D-4FFF-A713-437BEC9FDF37}.Release|Any CPU.ActiveCfg = Release|Any CPU
		{5FCBF0EE-F90D-4FFF-A713-437BEC9FDF37}.Release|Any CPU.Build.0 = Release|Any CPU
		{03073504-7A71-43D9-BC3F-7722F0EB20FE}.Debug|Any CPU.ActiveCfg = Debug|Any CPU
		{03073504-7A71-43D9-BC3F-7722F0EB20FE}.Debug|Any CPU.Build.0 = Debug|Any CPU
		{03073504-7A71-43D9-BC3F-7722F0EB20FE}.Release|Any CPU.ActiveCfg = Release|Any CPU
		{03073504-7A71-43D9-BC3F-7722F0EB20FE}.Release|Any CPU.Build.0 = Release|Any CPU
	EndGlobalSection
	GlobalSection(SolutionProperties) = preSolution
		HideSolutionNode = FALSE
	EndGlobalSection
	GlobalSection(NestedProjects) = preSolution
		{52C97A00-A2B4-4B0A-AABC-E178F540B9B3} = {591A138E-2C48-472D-8549-F3C6B46271C5}
		{AD3E9417-1ECE-4C98-88CE-DBF15AA4CA8C} = {591A138E-2C48-472D-8549-F3C6B46271C5}
		{5A5FD000-32D6-46DD-9009-B577BC747BF7} = {591A138E-2C48-472D-8549-F3C6B46271C5}
		{53835FBF-D150-4FB1-A3E5-D888F6231ED5} = {591A138E-2C48-472D-8549-F3C6B46271C5}
		{419C2445-0E9A-4BB8-9E44-FED93725305A} = {CF052302-7DE2-49DC-95F3-D55183758378}
		{A9AE1130-E4B0-4AB1-A7B8-E198B618DE9F} = {CF052302-7DE2-49DC-95F3-D55183758378}
		{AA6596EB-CDDF-4B10-BA98-EFCDD2AE4CB9} = {52C97A00-A2B4-4B0A-AABC-E178F540B9B3}
		{72FCF554-153E-4BB4-80B3-E4CD07C81F84} = {52C97A00-A2B4-4B0A-AABC-E178F540B9B3}
		{0585F3DD-1EFC-4B74-BD69-A2F4ACE3504E} = {AD3E9417-1ECE-4C98-88CE-DBF15AA4CA8C}
		{F396E7FB-F38B-41A2-8547-F8AA6B1169D3} = {AD3E9417-1ECE-4C98-88CE-DBF15AA4CA8C}
		{F19B0A78-438F-49B7-B100-29F7DB6B834B} = {3918B80C-1F15-402F-A4F9-246E2DF954FC}
		{3047E080-320B-4577-9BFA-CF8B0F3F3A63} = {5A5FD000-32D6-46DD-9009-B577BC747BF7}
		{AF480303-3B90-4BAE-A29A-C54995798362} = {5A5FD000-32D6-46DD-9009-B577BC747BF7}
		{2CA64FB3-B9DE-4C6A-AB6D-92A2721C4F88} = {5A5FD000-32D6-46DD-9009-B577BC747BF7}
		{D9F01440-BA11-4F6E-9CE1-7A2989DD207E} = {53835FBF-D150-4FB1-A3E5-D888F6231ED5}
		{4D93A988-512B-4509-8E51-354509EB058A} = {53835FBF-D150-4FB1-A3E5-D888F6231ED5}
		{00FD385C-D45C-4B07-BA8A-516BB43FD250} = {53835FBF-D150-4FB1-A3E5-D888F6231ED5}
		{9855F673-425F-4BB4-8F12-113C8EA9D7E7} = {53835FBF-D150-4FB1-A3E5-D888F6231ED5}
		{C3629145-D81C-452C-8EB2-A00D1B6A386E} = {53835FBF-D150-4FB1-A3E5-D888F6231ED5}
		{4E194151-1E2E-41F7-B238-13FEF8BDF630} = {9E12F992-BD68-46BC-82D1-2888928FCAD3}
		{71F03ADB-E1A6-4107-80AE-A3EE54AD12EF} = {3918B80C-1F15-402F-A4F9-246E2DF954FC}
		{9336FDC7-ACFF-4E1F-BA16-FF9E73191DB1} = {9E12F992-BD68-46BC-82D1-2888928FCAD3}
		{5FCBF0EE-F90D-4FFF-A713-437BEC9FDF37} = {3918B80C-1F15-402F-A4F9-246E2DF954FC}
		{03073504-7A71-43D9-BC3F-7722F0EB20FE} = {3918B80C-1F15-402F-A4F9-246E2DF954FC}
	EndGlobalSection
	GlobalSection(ExtensibilityGlobals) = postSolution
		SolutionGuid = {0C50359C-04AB-4EEE-9DF0-4D7FE7E7AD69}
	EndGlobalSection
EndGlobal
